// !$*UTF8*$!
{
	archiveVersion = 1;
	classes = {
	};
	objectVersion = 46;
	objects = {

/* Begin PBXBuildFile section */
		6011D8B6173B01C500851743 /* UIKit.framework in Frameworks */ = {isa = PBXBuildFile; fileRef = 6011D8B5173B01C500851743 /* UIKit.framework */; };
		6011D8B8173B01C500851743 /* Foundation.framework in Frameworks */ = {isa = PBXBuildFile; fileRef = 6011D8B7173B01C500851743 /* Foundation.framework */; };
		6011D8BA173B01C500851743 /* CoreGraphics.framework in Frameworks */ = {isa = PBXBuildFile; fileRef = 6011D8B9173B01C500851743 /* CoreGraphics.framework */; };
		6011D8C0173B01C500851743 /* InfoPlist.strings in Resources */ = {isa = PBXBuildFile; fileRef = 6011D8BE173B01C500851743 /* InfoPlist.strings */; };
		6011D8C2173B01C500851743 /* main.m in Sources */ = {isa = PBXBuildFile; fileRef = 6011D8C1173B01C500851743 /* main.m */; };
		6011D8C6173B01C500851743 /* AppDelegate.m in Sources */ = {isa = PBXBuildFile; fileRef = 6011D8C5173B01C500851743 /* AppDelegate.m */; };
		6011D8C8173B01C500851743 /* Default.png in Resources */ = {isa = PBXBuildFile; fileRef = 6011D8C7173B01C500851743 /* Default.png */; };
		6011D8CA173B01C500851743 /* Default@2x.png in Resources */ = {isa = PBXBuildFile; fileRef = 6011D8C9173B01C500851743 /* Default@2x.png */; };
		6011D8CC173B01C500851743 /* Default-568h@2x.png in Resources */ = {isa = PBXBuildFile; fileRef = 6011D8CB173B01C500851743 /* Default-568h@2x.png */; };
		6011D8CF173B01C500851743 /* MainStoryboard_iPhone.storyboard in Resources */ = {isa = PBXBuildFile; fileRef = 6011D8CD173B01C500851743 /* MainStoryboard_iPhone.storyboard */; };
		6011D8D2173B01C500851743 /* MainStoryboard_iPad.storyboard in Resources */ = {isa = PBXBuildFile; fileRef = 6011D8D0173B01C500851743 /* MainStoryboard_iPad.storyboard */; };
		6011D8D5173B01C500851743 /* MasterViewController.m in Sources */ = {isa = PBXBuildFile; fileRef = 6011D8D4173B01C500851743 /* MasterViewController.m */; };
		6011D8D8173B01C500851743 /* DetailViewController.m in Sources */ = {isa = PBXBuildFile; fileRef = 6011D8D7173B01C500851743 /* DetailViewController.m */; };
		6011D8E2173B04BF00851743 /* DataEntry.m in Sources */ = {isa = PBXBuildFile; fileRef = 6011D8E1173B04BF00851743 /* DataEntry.m */; };
		6011D8E5173B075F00851743 /* DataEntryDetail.m in Sources */ = {isa = PBXBuildFile; fileRef = 6011D8E4173B075F00851743 /* DataEntryDetail.m */; };
		6011D8E9173B147D00851743 /* thumb_green.jpg in Resources */ = {isa = PBXBuildFile; fileRef = 6011D8E6173B147D00851743 /* thumb_green.jpg */; };
		6011D8EA173B147D00851743 /* thumb_orange.jpg in Resources */ = {isa = PBXBuildFile; fileRef = 6011D8E7173B147D00851743 /* thumb_orange.jpg */; };
		6011D8EB173B147D00851743 /* thumb_red.jpg in Resources */ = {isa = PBXBuildFile; fileRef = 6011D8E8173B147D00851743 /* thumb_red.jpg */; };
		60FDE77B173FEBD200AE4CAC /* UIImageExtras.m in Sources */ = {isa = PBXBuildFile; fileRef = 60FDE776173FEBD200AE4CAC /* UIImageExtras.m */; };
		60FDE79E1740533C00AE4CAC /* icon_wien_at_ogd_default.png in Resources */ = {isa = PBXBuildFile; fileRef = 60FDE79C1740533C00AE4CAC /* icon_wien_at_ogd_default.png */; };
		60FDE79F1740533C00AE4CAC /* icon_wien_at_ogd_retina.png in Resources */ = {isa = PBXBuildFile; fileRef = 60FDE79D1740533C00AE4CAC /* icon_wien_at_ogd_retina.png */; };
		60FDE7A31740540C00AE4CAC /* Default.png in Resources */ = {isa = PBXBuildFile; fileRef = 60FDE7A21740540C00AE4CAC /* Default.png */; };
		60FDE7A5174054F500AE4CAC /* Default@2x.png in Resources */ = {isa = PBXBuildFile; fileRef = 60FDE7A4174054F400AE4CAC /* Default@2x.png */; };
		60FDE7A71740550400AE4CAC /* Default-568h@2x.png in Resources */ = {isa = PBXBuildFile; fileRef = 60FDE7A61740550400AE4CAC /* Default-568h@2x.png */; };
		60FDE7AA1740561000AE4CAC /* SVProgressHUD.m in Sources */ = {isa = PBXBuildFile; fileRef = 60FDE7A91740561000AE4CAC /* SVProgressHUD.m */; };
		60FDE7AC1740563900AE4CAC /* QuartzCore.framework in Frameworks */ = {isa = PBXBuildFile; fileRef = 60FDE7AB1740563900AE4CAC /* QuartzCore.framework */; };
/* End PBXBuildFile section */

/* Begin PBXFileReference section */
		6011D8B2173B01C500851743 /* OpenVIE.app */ = {isa = PBXFileReference; explicitFileType = wrapper.application; includeInIndex = 0; path = OpenVIE.app; sourceTree = BUILT_PRODUCTS_DIR; };
		6011D8B5173B01C500851743 /* UIKit.framework */ = {isa = PBXFileReference; lastKnownFileType = wrapper.framework; name = UIKit.framework; path = System/Library/Frameworks/UIKit.framework; sourceTree = SDKROOT; };
		6011D8B7173B01C500851743 /* Foundation.framework */ = {isa = PBXFileReference; lastKnownFileType = wrapper.framework; name = Foundation.framework; path = System/Library/Frameworks/Foundation.framework; sourceTree = SDKROOT; };
		6011D8B9173B01C500851743 /* CoreGraphics.framework */ = {isa = PBXFileReference; lastKnownFileType = wrapper.framework; name = CoreGraphics.framework; path = System/Library/Frameworks/CoreGraphics.framework; sourceTree = SDKROOT; };
		6011D8BD173B01C500851743 /* OpenVIE-Info.plist */ = {isa = PBXFileReference; lastKnownFileType = text.plist.xml; path = "OpenVIE-Info.plist"; sourceTree = "<group>"; };
		6011D8BF173B01C500851743 /* en */ = {isa = PBXFileReference; lastKnownFileType = text.plist.strings; name = en; path = en.lproj/InfoPlist.strings; sourceTree = "<group>"; };
		6011D8C1173B01C500851743 /* main.m */ = {isa = PBXFileReference; lastKnownFileType = sourcecode.c.objc; path = main.m; sourceTree = "<group>"; };
		6011D8C3173B01C500851743 /* OpenVIE-Prefix.pch */ = {isa = PBXFileReference; lastKnownFileType = sourcecode.c.h; path = "OpenVIE-Prefix.pch"; sourceTree = "<group>"; };
		6011D8C4173B01C500851743 /* AppDelegate.h */ = {isa = PBXFileReference; lastKnownFileType = sourcecode.c.h; path = AppDelegate.h; sourceTree = "<group>"; };
		6011D8C5173B01C500851743 /* AppDelegate.m */ = {isa = PBXFileReference; lastKnownFileType = sourcecode.c.objc; path = AppDelegate.m; sourceTree = "<group>"; };
		6011D8C7173B01C500851743 /* Default.png */ = {isa = PBXFileReference; lastKnownFileType = image.png; path = Default.png; sourceTree = "<group>"; };
		6011D8C9173B01C500851743 /* Default@2x.png */ = {isa = PBXFileReference; lastKnownFileType = image.png; path = "Default@2x.png"; sourceTree = "<group>"; };
		6011D8CB173B01C500851743 /* Default-568h@2x.png */ = {isa = PBXFileReference; lastKnownFileType = image.png; path = "Default-568h@2x.png"; sourceTree = "<group>"; };
		6011D8CE173B01C500851743 /* en */ = {isa = PBXFileReference; lastKnownFileType = file.storyboard; name = en; path = en.lproj/MainStoryboard_iPhone.storyboard; sourceTree = "<group>"; };
		6011D8D1173B01C500851743 /* en */ = {isa = PBXFileReference; lastKnownFileType = file.storyboard; name = en; path = en.lproj/MainStoryboard_iPad.storyboard; sourceTree = "<group>"; };
		6011D8D3173B01C500851743 /* MasterViewController.h */ = {isa = PBXFileReference; lastKnownFileType = sourcecode.c.h; path = MasterViewController.h; sourceTree = "<group>"; };
		6011D8D4173B01C500851743 /* MasterViewController.m */ = {isa = PBXFileReference; lastKnownFileType = sourcecode.c.objc; path = MasterViewController.m; sourceTree = "<group>"; };
		6011D8D6173B01C500851743 /* DetailViewController.h */ = {isa = PBXFileReference; lastKnownFileType = sourcecode.c.h; path = DetailViewController.h; sourceTree = "<group>"; };
		6011D8D7173B01C500851743 /* DetailViewController.m */ = {isa = PBXFileReference; lastKnownFileType = sourcecode.c.objc; path = DetailViewController.m; sourceTree = "<group>"; };
		6011D8E0173B04BF00851743 /* DataEntry.h */ = {isa = PBXFileReference; fileEncoding = 4; lastKnownFileType = sourcecode.c.h; path = DataEntry.h; sourceTree = "<group>"; };
		6011D8E1173B04BF00851743 /* DataEntry.m */ = {isa = PBXFileReference; fileEncoding = 4; lastKnownFileType = sourcecode.c.objc; path = DataEntry.m; sourceTree = "<group>"; };
		6011D8E3173B075F00851743 /* DataEntryDetail.h */ = {isa = PBXFileReference; fileEncoding = 4; lastKnownFileType = sourcecode.c.h; path = DataEntryDetail.h; sourceTree = "<group>"; };
		6011D8E4173B075F00851743 /* DataEntryDetail.m */ = {isa = PBXFileReference; fileEncoding = 4; lastKnownFileType = sourcecode.c.objc; path = DataEntryDetail.m; sourceTree = "<group>"; };
		6011D8E6173B147D00851743 /* thumb_green.jpg */ = {isa = PBXFileReference; lastKnownFileType = image.jpeg; path = thumb_green.jpg; sourceTree = "<group>"; };
		6011D8E7173B147D00851743 /* thumb_orange.jpg */ = {isa = PBXFileReference; lastKnownFileType = image.jpeg; path = thumb_orange.jpg; sourceTree = "<group>"; };
		6011D8E8173B147D00851743 /* thumb_red.jpg */ = {isa = PBXFileReference; lastKnownFileType = image.jpeg; path = thumb_red.jpg; sourceTree = "<group>"; };
		60FDE775173FEBD200AE4CAC /* UIImageExtras.h */ = {isa = PBXFileReference; fileEncoding = 4; lastKnownFileType = sourcecode.c.h; path = UIImageExtras.h; sourceTree = "<group>"; };
		60FDE776173FEBD200AE4CAC /* UIImageExtras.m */ = {isa = PBXFileReference; fileEncoding = 4; lastKnownFileType = sourcecode.c.objc; path = UIImageExtras.m; sourceTree = "<group>"; };
		60FDE79C1740533C00AE4CAC /* icon_wien_at_ogd_default.png */ = {isa = PBXFileReference; lastKnownFileType = image.png; path = icon_wien_at_ogd_default.png; sourceTree = "<group>"; };
		60FDE79D1740533C00AE4CAC /* icon_wien_at_ogd_retina.png */ = {isa = PBXFileReference; lastKnownFileType = image.png; path = icon_wien_at_ogd_retina.png; sourceTree = "<group>"; };
		60FDE7A21740540C00AE4CAC /* Default.png */ = {isa = PBXFileReference; lastKnownFileType = image.png; path = Default.png; sourceTree = "<group>"; };
		60FDE7A4174054F400AE4CAC /* Default@2x.png */ = {isa = PBXFileReference; lastKnownFileType = image.png; path = "Default@2x.png"; sourceTree = "<group>"; };
		60FDE7A61740550400AE4CAC /* Default-568h@2x.png */ = {isa = PBXFileReference; lastKnownFileType = image.png; path = "Default-568h@2x.png"; sourceTree = "<group>"; };
		60FDE7A81740561000AE4CAC /* SVProgressHUD.h */ = {isa = PBXFileReference; fileEncoding = 4; lastKnownFileType = sourcecode.c.h; path = SVProgressHUD.h; sourceTree = "<group>"; };
		60FDE7A91740561000AE4CAC /* SVProgressHUD.m */ = {isa = PBXFileReference; fileEncoding = 4; lastKnownFileType = sourcecode.c.objc; path = SVProgressHUD.m; sourceTree = "<group>"; };
		60FDE7AB1740563900AE4CAC /* QuartzCore.framework */ = {isa = PBXFileReference; lastKnownFileType = wrapper.framework; name = QuartzCore.framework; path = System/Library/Frameworks/QuartzCore.framework; sourceTree = SDKROOT; };
/* End PBXFileReference section */

/* Begin PBXFrameworksBuildPhase section */
		6011D8AF173B01C500851743 /* Frameworks */ = {
			isa = PBXFrameworksBuildPhase;
			buildActionMask = 2147483647;
			files = (
				60FDE7AC1740563900AE4CAC /* QuartzCore.framework in Frameworks */,
				6011D8B6173B01C500851743 /* UIKit.framework in Frameworks */,
				6011D8B8173B01C500851743 /* Foundation.framework in Frameworks */,
				6011D8BA173B01C500851743 /* CoreGraphics.framework in Frameworks */,
			);
			runOnlyForDeploymentPostprocessing = 0;
		};
/* End PBXFrameworksBuildPhase section */

/* Begin PBXGroup section */
		6011D8A9173B01C500851743 = {
			isa = PBXGroup;
			children = (
				60FDE7AB1740563900AE4CAC /* QuartzCore.framework */,
				60FDE7A61740550400AE4CAC /* Default-568h@2x.png */,
				60FDE7A4174054F400AE4CAC /* Default@2x.png */,
				60FDE7A21740540C00AE4CAC /* Default.png */,
				6011D8BB173B01C500851743 /* OpenVIE */,
				6011D8B4173B01C500851743 /* Frameworks */,
				6011D8B3173B01C500851743 /* Products */,
			);
			sourceTree = "<group>";
		};
		6011D8B3173B01C500851743 /* Products */ = {
			isa = PBXGroup;
			children = (
				6011D8B2173B01C500851743 /* OpenVIE.app */,
			);
			name = Products;
			sourceTree = "<group>";
		};
		6011D8B4173B01C500851743 /* Frameworks */ = {
			isa = PBXGroup;
			children = (
				6011D8B5173B01C500851743 /* UIKit.framework */,
				6011D8B7173B01C500851743 /* Foundation.framework */,
				6011D8B9173B01C500851743 /* CoreGraphics.framework */,
			);
			name = Frameworks;
			sourceTree = "<group>";
		};
		6011D8BB173B01C500851743 /* OpenVIE */ = {
			isa = PBXGroup;
			children = (
				60FDE77E173FEC3B00AE4CAC /* Helper */,
				60FDE760173FE75A00AE4CAC /* View */,
				6011D8EC173B14A500851743 /* Icon */,
				6011D8DF173B045900851743 /* Model */,
				6011D8DE173B042900851743 /* GUI */,
				6011D8BC173B01C500851743 /* Supporting Files */,
			);
			path = OpenVIE;
			sourceTree = "<group>";
		};
		6011D8BC173B01C500851743 /* Supporting Files */ = {
			isa = PBXGroup;
			children = (
				6011D8BD173B01C500851743 /* OpenVIE-Info.plist */,
				6011D8BE173B01C500851743 /* InfoPlist.strings */,
				6011D8C1173B01C500851743 /* main.m */,
				6011D8C3173B01C500851743 /* OpenVIE-Prefix.pch */,
				6011D8C7173B01C500851743 /* Default.png */,
				6011D8C9173B01C500851743 /* Default@2x.png */,
				6011D8CB173B01C500851743 /* Default-568h@2x.png */,
			);
			name = "Supporting Files";
			sourceTree = "<group>";
		};
		6011D8DE173B042900851743 /* GUI */ = {
			isa = PBXGroup;
			children = (
				6011D8C4173B01C500851743 /* AppDelegate.h */,
				6011D8C5173B01C500851743 /* AppDelegate.m */,
				6011D8D0173B01C500851743 /* MainStoryboard_iPad.storyboard */,
				6011D8CD173B01C500851743 /* MainStoryboard_iPhone.storyboard */,
				6011D8D3173B01C500851743 /* MasterViewController.h */,
				6011D8D4173B01C500851743 /* MasterViewController.m */,
				6011D8D6173B01C500851743 /* DetailViewController.h */,
				6011D8D7173B01C500851743 /* DetailViewController.m */,
			);
			name = GUI;
			sourceTree = "<group>";
		};
		6011D8DF173B045900851743 /* Model */ = {
			isa = PBXGroup;
			children = (
				6011D8E0173B04BF00851743 /* DataEntry.h */,
				6011D8E1173B04BF00851743 /* DataEntry.m */,
				6011D8E3173B075F00851743 /* DataEntryDetail.h */,
				6011D8E4173B075F00851743 /* DataEntryDetail.m */,
			);
			name = Model;
			sourceTree = "<group>";
		};
		6011D8EC173B14A500851743 /* Icon */ = {
			isa = PBXGroup;
			children = (
				60FDE79C1740533C00AE4CAC /* icon_wien_at_ogd_default.png */,
				60FDE79D1740533C00AE4CAC /* icon_wien_at_ogd_retina.png */,
				6011D8E6173B147D00851743 /* thumb_green.jpg */,
				6011D8E7173B147D00851743 /* thumb_orange.jpg */,
				6011D8E8173B147D00851743 /* thumb_red.jpg */,
			);
			name = Icon;
			sourceTree = "<group>";
		};
		60FDE760173FE75A00AE4CAC /* View */ = {
			isa = PBXGroup;
			children = (
				60FDE7A81740561000AE4CAC /* SVProgressHUD.h */,
				60FDE7A91740561000AE4CAC /* SVProgressHUD.m */,
			);
			name = View;
			sourceTree = "<group>";
		};
		60FDE77E173FEC3B00AE4CAC /* Helper */ = {
			isa = PBXGroup;
			children = (
				60FDE775173FEBD200AE4CAC /* UIImageExtras.h */,
				60FDE776173FEBD200AE4CAC /* UIImageExtras.m */,
			);
			name = Helper;
			sourceTree = "<group>";
		};
/* End PBXGroup section */

/* Begin PBXNativeTarget section */
		6011D8B1173B01C500851743 /* OpenVIE */ = {
			isa = PBXNativeTarget;
			buildConfigurationList = 6011D8DB173B01C500851743 /* Build configuration list for PBXNativeTarget "OpenVIE" */;
			buildPhases = (
				6011D8AE173B01C500851743 /* Sources */,
				6011D8AF173B01C500851743 /* Frameworks */,
				6011D8B0173B01C500851743 /* Resources */,
			);
			buildRules = (
			);
			dependencies = (
			);
			name = OpenVIE;
			productName = OpenVIE;
			productReference = 6011D8B2173B01C500851743 /* OpenVIE.app */;
			productType = "com.apple.product-type.application";
		};
/* End PBXNativeTarget section */

/* Begin PBXProject section */
		6011D8AA173B01C500851743 /* Project object */ = {
			isa = PBXProject;
			attributes = {
				LastUpgradeCheck = 0460;
				ORGANIZATIONNAME = "Philipp Weixlbaumer";
			};
			buildConfigurationList = 6011D8AD173B01C500851743 /* Build configuration list for PBXProject "OpenVIE" */;
			compatibilityVersion = "Xcode 3.2";
			developmentRegion = English;
			hasScannedForEncodings = 0;
			knownRegions = (
				en,
			);
			mainGroup = 6011D8A9173B01C500851743;
			productRefGroup = 6011D8B3173B01C500851743 /* Products */;
			projectDirPath = "";
			projectRoot = "";
			targets = (
				6011D8B1173B01C500851743 /* OpenVIE */,
			);
		};
/* End PBXProject section */

/* Begin PBXResourcesBuildPhase section */
		6011D8B0173B01C500851743 /* Resources */ = {
			isa = PBXResourcesBuildPhase;
			buildActionMask = 2147483647;
			files = (
				6011D8C0173B01C500851743 /* InfoPlist.strings in Resources */,
				6011D8C8173B01C500851743 /* Default.png in Resources */,
				6011D8CA173B01C500851743 /* Default@2x.png in Resources */,
				6011D8CC173B01C500851743 /* Default-568h@2x.png in Resources */,
				6011D8CF173B01C500851743 /* MainStoryboard_iPhone.storyboard in Resources */,
				6011D8D2173B01C500851743 /* MainStoryboard_iPad.storyboard in Resources */,
				6011D8E9173B147D00851743 /* thumb_green.jpg in Resources */,
				6011D8EA173B147D00851743 /* thumb_orange.jpg in Resources */,
				6011D8EB173B147D00851743 /* thumb_red.jpg in Resources */,
				60FDE79E1740533C00AE4CAC /* icon_wien_at_ogd_default.png in Resources */,
				60FDE79F1740533C00AE4CAC /* icon_wien_at_ogd_retina.png in Resources */,
				60FDE7A31740540C00AE4CAC /* Default.png in Resources */,
				60FDE7A5174054F500AE4CAC /* Default@2x.png in Resources */,
				60FDE7A71740550400AE4CAC /* Default-568h@2x.png in Resources */,
			);
			runOnlyForDeploymentPostprocessing = 0;
		};
/* End PBXResourcesBuildPhase section */

/* Begin PBXSourcesBuildPhase section */
		6011D8AE173B01C500851743 /* Sources */ = {
			isa = PBXSourcesBuildPhase;
			buildActionMask = 2147483647;
			files = (
				6011D8C2173B01C500851743 /* main.m in Sources */,
				6011D8C6173B01C500851743 /* AppDelegate.m in Sources */,
				6011D8D5173B01C500851743 /* MasterViewController.m in Sources */,
				6011D8D8173B01C500851743 /* DetailViewController.m in Sources */,
				6011D8E2173B04BF00851743 /* DataEntry.m in Sources */,
				6011D8E5173B075F00851743 /* DataEntryDetail.m in Sources */,
				60FDE77B173FEBD200AE4CAC /* UIImageExtras.m in Sources */,
				60FDE7AA1740561000AE4CAC /* SVProgressHUD.m in Sources */,
			);
			runOnlyForDeploymentPostprocessing = 0;
		};
/* End PBXSourcesBuildPhase section */

/* Begin PBXVariantGroup section */
		6011D8BE173B01C500851743 /* InfoPlist.strings */ = {
			isa = PBXVariantGroup;
			children = (
				6011D8BF173B01C500851743 /* en */,
			);
			name = InfoPlist.strings;
			sourceTree = "<group>";
		};
		6011D8CD173B01C500851743 /* MainStoryboard_iPhone.storyboard */ = {
			isa = PBXVariantGroup;
			children = (
				6011D8CE173B01C500851743 /* en */,
			);
			name = MainStoryboard_iPhone.storyboard;
			sourceTree = "<group>";
		};
		6011D8D0173B01C500851743 /* MainStoryboard_iPad.storyboard */ = {
			isa = PBXVariantGroup;
			children = (
				6011D8D1173B01C500851743 /* en */,
			);
			name = MainStoryboard_iPad.storyboard;
			sourceTree = "<group>";
		};
/* End PBXVariantGroup section */

/* Begin XCBuildConfiguration section */
		6011D8D9173B01C500851743 /* Debug */ = {
			isa = XCBuildConfiguration;
			buildSettings = {
				ALWAYS_SEARCH_USER_PATHS = NO;
				CLANG_CXX_LANGUAGE_STANDARD = "gnu++0x";
				CLANG_CXX_LIBRARY = "libc++";
				CLANG_ENABLE_OBJC_ARC = YES;
				CLANG_WARN_CONSTANT_CONVERSION = YES;
				CLANG_WARN_EMPTY_BODY = YES;
				CLANG_WARN_ENUM_CONVERSION = YES;
				CLANG_WARN_INT_CONVERSION = YES;
				CLANG_WARN__DUPLICATE_METHOD_MATCH = YES;
				"CODE_SIGN_IDENTITY[sdk=iphoneos*]" = "iPhone Developer";
				COPY_PHASE_STRIP = NO;
				GCC_C_LANGUAGE_STANDARD = gnu99;
				GCC_DYNAMIC_NO_PIC = NO;
				GCC_OPTIMIZATION_LEVEL = 0;
				GCC_PREPROCESSOR_DEFINITIONS = (
					"DEBUG=1",
					"$(inherited)",
				);
				GCC_SYMBOLS_PRIVATE_EXTERN = NO;
				GCC_WARN_ABOUT_RETURN_TYPE = YES;
				GCC_WARN_UNINITIALIZED_AUTOS = YES;
				GCC_WARN_UNUSED_VARIABLE = YES;
				IPHONEOS_DEPLOYMENT_TARGET = 6.1;
				ONLY_ACTIVE_ARCH = YES;
				SDKROOT = iphoneos;
				TARGETED_DEVICE_FAMILY = "1,2";
			};
			name = Debug;
		};
		6011D8DA173B01C500851743 /* Release */ = {
			isa = XCBuildConfiguration;
			buildSettings = {
				ALWAYS_SEARCH_USER_PATHS = NO;
				CLANG_CXX_LANGUAGE_STANDARD = "gnu++0x";
				CLANG_CXX_LIBRARY = "libc++";
				CLANG_ENABLE_OBJC_ARC = YES;
				CLANG_WARN_CONSTANT_CONVERSION = YES;
				CLANG_WARN_EMPTY_BODY = YES;
				CLANG_WARN_ENUM_CONVERSION = YES;
				CLANG_WARN_INT_CONVERSION = YES;
				CLANG_WARN__DUPLICATE_METHOD_MATCH = YES;
				"CODE_SIGN_IDENTITY[sdk=iphoneos*]" = "iPhone Developer";
				COPY_PHASE_STRIP = YES;
				GCC_C_LANGUAGE_STANDARD = gnu99;
				GCC_WARN_ABOUT_RETURN_TYPE = YES;
				GCC_WARN_UNINITIALIZED_AUTOS = YES;
				GCC_WARN_UNUSED_VARIABLE = YES;
				IPHONEOS_DEPLOYMENT_TARGET = 6.1;
				OTHER_CFLAGS = "-DNS_BLOCK_ASSERTIONS=1";
				SDKROOT = iphoneos;
				TARGETED_DEVICE_FAMILY = "1,2";
				VALIDATE_PRODUCT = YES;
			};
			name = Release;
		};
		6011D8DC173B01C500851743 /* Debug */ = {
			isa = XCBuildConfiguration;
			buildSettings = {
				GCC_PRECOMPILE_PREFIX_HEADER = YES;
				GCC_PREFIX_HEADER = "OpenVIE/OpenVIE-Prefix.pch";
				INFOPLIST_FILE = "OpenVIE/OpenVIE-Info.plist";
				PRODUCT_NAME = "$(TARGET_NAME)";
				WRAPPER_EXTENSION = app;
			};
			name = Debug;
		};
		6011D8DD173B01C500851743 /* Release */ = {
			isa = XCBuildConfiguration;
			buildSettings = {
				GCC_PRECOMPILE_PREFIX_HEADER = YES;
				GCC_PREFIX_HEADER = "OpenVIE/OpenVIE-Prefix.pch";
				INFOPLIST_FILE = "OpenVIE/OpenVIE-Info.plist";
				PRODUCT_NAME = "$(TARGET_NAME)";
				WRAPPER_EXTENSION = app;
			};
			name = Release;
		};
/* End XCBuildConfiguration section */

/* Begin XCConfigurationList section */
		6011D8AD173B01C500851743 /* Build configuration list for PBXProject "OpenVIE" */ = {
			isa = XCConfigurationList;
			buildConfigurations = (
				6011D8D9173B01C500851743 /* Debug */,
				6011D8DA173B01C500851743 /* Release */,
			);
			defaultConfigurationIsVisible = 0;
			defaultConfigurationName = Release;
		};
		6011D8DB173B01C500851743 /* Build configuration list for PBXNativeTarget "OpenVIE" */ = {
			isa = XCConfigurationList;
			buildConfigurations = (
				6011D8DC173B01C500851743 /* Debug */,
				6011D8DD173B01C500851743 /* Release */,
			);
			defaultConfigurationIsVisible = 0;
			defaultConfigurationName = Release;
		};
/* End XCConfigurationList section */
	};
	rootObject = 6011D8AA173B01C500851743 /* Project object */;
}
